
Microsoft Visual Studio Solution File, Format Version 12.00
# Visual Studio Version 16
VisualStudioVersion = 16.0.31025.194
MinimumVisualStudioVersion = 10.0.40219.1
Project("{FAE04EC0-301F-11D3-BF4B-00C04F79EFBC}") = "ConsultaCollections", "ConsultaCollections.csproj", "{6A3B9C56-10C5-4F04-92AA-0C8E7CD5EDAE}"
EndProject
Project("{FAE04EC0-301F-11D3-BF4B-00C04F79EFBC}") = "OutrosOperadoresLinq", "..\OutrosOperadoresLinq\OutrosOperadoresLinq.csproj", "{4F4223F5-51F7-44DE-B295-4A5095B137A7}"
EndProject
Project("{FAE04EC0-301F-11D3-BF4B-00C04F79EFBC}") = "OperadoresConjuntos", "..\OperadoresConjuntos\OperadoresConjuntos.csproj", "{40CC00B4-8F1B-4509-86E9-DB74FE3C3896}"
EndProject
Project("{FAE04EC0-301F-11D3-BF4B-00C04F79EFBC}") = "Covariancia", "..\Covariancia\Covariancia.csproj", "{349FD245-0B9F-46A4-85BE-34FF89B787FC}"
EndProject
Project("{FAE04EC0-301F-11D3-BF4B-00C04F79EFBC}") = "Foreach", "..\Foreach\Foreach.csproj", "{B0FCE84C-95DF-44A5-B565-5BD42F66306C}"
EndProject
Global
	GlobalSection(SolutionConfigurationPlatforms) = preSolution
		Debug|Any CPU = Debug|Any CPU
		Release|Any CPU = Release|Any CPU
	EndGlobalSection
	GlobalSection(ProjectConfigurationPlatforms) = postSolution
		{6A3B9C56-10C5-4F04-92AA-0C8E7CD5EDAE}.Debug|Any CPU.ActiveCfg = Debug|Any CPU
		{6A3B9C56-10C5-4F04-92AA-0C8E7CD5EDAE}.Debug|Any CPU.Build.0 = Debug|Any CPU
		{6A3B9C56-10C5-4F04-92AA-0C8E7CD5EDAE}.Release|Any CPU.ActiveCfg = Release|Any CPU
		{6A3B9C56-10C5-4F04-92AA-0C8E7CD5EDAE}.Release|Any CPU.Build.0 = Release|Any CPU
		{4F4223F5-51F7-44DE-B295-4A5095B137A7}.Debug|Any CPU.ActiveCfg = Debug|Any CPU
		{4F4223F5-51F7-44DE-B295-4A5095B137A7}.Debug|Any CPU.Build.0 = Debug|Any CPU
		{4F4223F5-51F7-44DE-B295-4A5095B137A7}.Release|Any CPU.ActiveCfg = Release|Any CPU
		{4F4223F5-51F7-44DE-B295-4A5095B137A7}.Release|Any CPU.Build.0 = Release|Any CPU
		{40CC00B4-8F1B-4509-86E9-DB74FE3C3896}.Debug|Any CPU.ActiveCfg = Debug|Any CPU
		{40CC00B4-8F1B-4509-86E9-DB74FE3C3896}.Debug|Any CPU.Build.0 = Debug|Any CPU
		{40CC00B4-8F1B-4509-86E9-DB74FE3C3896}.Release|Any CPU.ActiveCfg = Release|Any CPU
		{40CC00B4-8F1B-4509-86E9-DB74FE3C3896}.Release|Any CPU.Build.0 = Release|Any CPU
		{349FD245-0B9F-46A4-85BE-34FF89B787FC}.Debug|Any CPU.ActiveCfg = Debug|Any CPU
		{349FD245-0B9F-46A4-85BE-34FF89B787FC}.Debug|Any CPU.Build.0 = Debug|Any CPU
		{349FD245-0B9F-46A4-85BE-34FF89B787FC}.Release|Any CPU.ActiveCfg = Release|Any CPU
		{349FD245-0B9F-46A4-85BE-34FF89B787FC}.Release|Any CPU.Build.0 = Release|Any CPU
		{B0FCE84C-95DF-44A5-B565-5BD42F66306C}.Debug|Any CPU.ActiveCfg = Debug|Any CPU
		{B0FCE84C-95DF-44A5-B565-5BD42F66306C}.Debug|Any CPU.Build.0 = Debug|Any CPU
		{B0FCE84C-95DF-44A5-B565-5BD42F66306C}.Release|Any CPU.ActiveCfg = Release|Any CPU
		{B0FCE84C-95DF-44A5-B565-5BD42F66306C}.Release|Any CPU.Build.0 = Release|Any CPU
	EndGlobalSection
	GlobalSection(SolutionProperties) = preSolution
		HideSolutionNode = FALSE
	EndGlobalSection
	GlobalSection(ExtensibilityGlobals) = postSolution
		SolutionGuid = {13BBECB9-E062-497F-AB8F-B056615EF358}
	EndGlobalSection
EndGlobal
